
Microsoft Visual Studio Solution File, Format Version 12.00
# Visual Studio 2012
Project("{FAE04EC0-301F-11D3-BF4B-00C04F79EFBC}") = "RingCentral", "RingCentral\RingCentral.csproj", "{3E0BAF33-DF59-4EE5-9885-9AEFEC32660E}"
EndProject
Project("{FAE04EC0-301F-11D3-BF4B-00C04F79EFBC}") = "RingCentral.Test", "RingCentral.Test\RingCentral.Test.csproj", "{F5CC3E4C-45C6-484A-A3CE-FAF6E93F54DC}"
EndProject
Global
	GlobalSection(SolutionConfigurationPlatforms) = preSolution
		Debug|Any CPU = Debug|Any CPU
		Release|Any CPU = Release|Any CPU
	EndGlobalSection
	GlobalSection(ProjectConfigurationPlatforms) = postSolution
		{3E0BAF33-DF59-4EE5-9885-9AEFEC32660E}.Debug|Any CPU.ActiveCfg = Debug|Any CPU
		{3E0BAF33-DF59-4EE5-9885-9AEFEC32660E}.Debug|Any CPU.Build.0 = Debug|Any CPU
		{3E0BAF33-DF59-4EE5-9885-9AEFEC32660E}.Release|Any CPU.ActiveCfg = Release|Any CPU
		{3E0BAF33-DF59-4EE5-9885-9AEFEC32660E}.Release|Any CPU.Build.0 = Release|Any CPU
		{F5CC3E4C-45C6-484A-A3CE-FAF6E93F54DC}.Debug|Any CPU.ActiveCfg = Debug|Any CPU
		{F5CC3E4C-45C6-484A-A3CE-FAF6E93F54DC}.Debug|Any CPU.Build.0 = Debug|Any CPU
		{F5CC3E4C-45C6-484A-A3CE-FAF6E93F54DC}.Release|Any CPU.ActiveCfg = Release|Any CPU
		{F5CC3E4C-45C6-484A-A3CE-FAF6E93F54DC}.Release|Any CPU.Build.0 = Release|Any CPU
	EndGlobalSection
EndGlobal
